<?xml version="1.0" encoding="utf-8"?>
<Project ToolsVersion="4.0" xmlns="http://schemas.microsoft.com/developer/msbuild/2003">
  <ItemGroup>
    <Filter Include="include">
      <UniqueIdentifier>{57CA55B8-BCC5-4000-CE3A-58972F82E9CB}</UniqueIdentifier>
    </Filter>
    <Filter Include="include\internal">
      <UniqueIdentifier>{1D4CEA7C-B637-77CF-7A24-85ABD36F82A8}</UniqueIdentifier>
    </Filter>
    <Filter Include="include\wrapper">
      <UniqueIdentifier>{6EC44E64-2A08-7BA1-DD52-37662FF8BB3A}</UniqueIdentifier>
    </Filter>
    <Filter Include="Framework">
      <UniqueIdentifier>{D274B8E6-49FB-E975-44BB-8C73F7EB86AD}</UniqueIdentifier>
    </Filter>
    <Filter Include="Framework\res">
      <UniqueIdentifier>{1177910C-2DCE-8F2F-24FB-580080DDACDC}</UniqueIdentifier>
    </Filter>
    <Filter Include="App">
      <UniqueIdentifier>{9314713e-69f7-4254-bc93-8ccb22bbf5e1}</UniqueIdentifier>
    </Filter>
  </ItemGroup>
  <ItemGroup>
    <ClInclude Include="src\string_util.h">
      <Filter>Framework</Filter>
    </ClInclude>
    <ClInclude Include="src\resource.h">
      <Filter>Framework</Filter>
    </ClInclude>
    <ClInclude Include="src\resource_util.h">
      <Filter>Framework</Filter>
    </ClInclude>
    <ClInclude Include="src\client_handler.h">
      <Filter>Framework</Filter>
    </ClInclude>
    <ClInclude Include="src\util.h">
      <Filter>Framework</Filter>
    </ClInclude>
    <ClCompile Include="src\string_util.cpp">
      <Filter>Framework</Filter>
    </ClCompile>
    <ClCompile Include="src\client_handler.cpp">
      <Filter>Framework</Filter>
    </ClCompile>
    <ClInclude Include="src\client_app.h">
      <Filter>Framework</Filter>
    </ClInclude>
    <ClCompile Include="src\resource_util_win.cpp">
      <Filter>Framework</Filter>
    </ClCompile>
    <ClCompile Include="src\client_handler_win.cpp">
      <Filter>Framework</Filter>
    </ClCompile>
    <ClCompile Include="src\client_app.cpp">
      <Filter>Framework</Filter>
    </ClCompile>
    <ClInclude Include="src\base32.h">
      <Filter>App</Filter>
    </ClInclude>
    <ClInclude Include="src\jsbridge.h">
      <Filter>Framework</Filter>
    </ClInclude>
    <ClInclude Include="src\jsbridge_v8.h">
      <Filter>Framework</Filter>
    </ClInclude>
    <ClInclude Include="src\picojson.h">
      <Filter>Framework</Filter>
    </ClInclude>
  </ItemGroup>
  <ItemGroup>
    <ClCompile Include="src\extension_handler.cpp">
      <Filter>Framework</Filter>
    </ClCompile>
    <ClCompile Include="src\v8_util.cpp">
      <Filter>Framework</Filter>
    </ClCompile>
    <ClCompile Include="src\native_extensions.cpp">
      <Filter>App</Filter>
    </ClCompile>
    <ClCompile Include="src\app.cpp">
      <Filter>Framework</Filter>
    </ClCompile>
    <ClCompile Include="src\app_win.cpp">
      <Filter>Framework</Filter>
    </ClCompile>
    <ClCompile Include="src\file_util_win.cpp">
      <Filter>App</Filter>
    </ClCompile>
    <ClCompile Include="src\network_util_win.cpp">
      <Filter>App</Filter>
    </ClCompile>
    <ClCompile Include="src\base64.cpp">
      <Filter>App</Filter>
    </ClCompile>
    <ClCompile Include="src\base32.cpp">
      <Filter>App</Filter>
    </ClCompile>
    <ClCompile Include="src\jsbridge.cpp">
      <Filter>Framework</Filter>
    </ClCompile>
  </ItemGroup>
  <ItemGroup>
    <ClInclude Include="src\extension_handler.h">
      <Filter>Framework</Filter>
    </ClInclude>
    <ClInclude Include="src\v8_util.h">
      <Filter>Framework</Filter>
    </ClInclude>
    <ClInclude Include="src\native_extensions.h">
      <Filter>App</Filter>
    </ClInclude>
    <ClInclude Include="src\app.h">
      <Filter>Framework</Filter>
    </ClInclude>
    <ClInclude Include="src\browser.h">
      <Filter>App</Filter>
    </ClInclude>
    <ClInclude Include="src\file_util.h">
      <Filter>App</Filter>
    </ClInclude>
    <ClInclude Include="src\network_util.h">
      <Filter>App</Filter>
    </ClInclude>
    <ClInclude Include="src\types.h">
      <Filter>Framework</Filter>
    </ClInclude>
    <ClInclude Include="src\base64.h">
      <Filter>App</Filter>
    </ClInclude>
  </ItemGroup>
  <ItemGroup>
    <ResourceCompile Include="src\app.rc">
      <Filter>Framework</Filter>
    </ResourceCompile>
  </ItemGroup>
</Project>