Microsoft Visual Studio Solution File, Format Version 12.00
# Visual Studio 2012
Project("{8BC9CEB8-8B4A-11D0-8D11-00A0C91BC942}") = "Zephyros", "Zephyros.vcxproj", "{6617FED9-C5D4-4907-BF55-A90062A6683F}"
	ProjectSection(ProjectDependencies) = postProject
		{A9D6DC71-C0DC-4549-AEA0-3B15B44E86A9} = {A9D6DC71-C0DC-4549-AEA0-3B15B44E86A9}
	EndProjectSection
EndProject
Project("{8BC9CEB8-8B4A-11D0-8D11-00A0C91BC942}") = "libcef_dll_wrapper", "lib\Libcef\libcef_dll_wrapper.vcxproj", "{A9D6DC71-C0DC-4549-AEA0-3B15B44E86A9}"
EndProject
Global
	GlobalSection(SolutionConfigurationPlatforms) = preSolution
		Debug|Mixed Platforms = Debug|Mixed Platforms
		Debug|Win32 = Debug|Win32
		Debug|x64 = Debug|x64
		Debug|x86 = Debug|x86
		Release|Mixed Platforms = Release|Mixed Platforms
		Release|Win32 = Release|Win32
		Release|x64 = Release|x64
		Release|x86 = Release|x86
	EndGlobalSection
	GlobalSection(ProjectConfigurationPlatforms) = postSolution
		{6617FED9-C5D4-4907-BF55-A90062A6683F}.Debug|Mixed Platforms.ActiveCfg = Debug|Win32
		{6617FED9-C5D4-4907-BF55-A90062A6683F}.Debug|Mixed Platforms.Build.0 = Debug|Win32
		{6617FED9-C5D4-4907-BF55-A90062A6683F}.Debug|Win32.ActiveCfg = Debug|Win32
		{6617FED9-C5D4-4907-BF55-A90062A6683F}.Debug|Win32.Build.0 = Debug|Win32
		{6617FED9-C5D4-4907-BF55-A90062A6683F}.Debug|x64.ActiveCfg = Debug|x64
		{6617FED9-C5D4-4907-BF55-A90062A6683F}.Debug|x64.Build.0 = Debug|x64
		{6617FED9-C5D4-4907-BF55-A90062A6683F}.Debug|x86.ActiveCfg = Debug|Win32
		{6617FED9-C5D4-4907-BF55-A90062A6683F}.Debug|x86.Build.0 = Debug|Win32
		{6617FED9-C5D4-4907-BF55-A90062A6683F}.Release|Mixed Platforms.ActiveCfg = Release|Win32
		{6617FED9-C5D4-4907-BF55-A90062A6683F}.Release|Mixed Platforms.Build.0 = Release|Win32
		{6617FED9-C5D4-4907-BF55-A90062A6683F}.Release|Win32.ActiveCfg = Release|Win32
		{6617FED9-C5D4-4907-BF55-A90062A6683F}.Release|Win32.Build.0 = Release|Win32
		{6617FED9-C5D4-4907-BF55-A90062A6683F}.Release|x64.ActiveCfg = Release|x64
		{6617FED9-C5D4-4907-BF55-A90062A6683F}.Release|x64.Build.0 = Release|x64
		{6617FED9-C5D4-4907-BF55-A90062A6683F}.Release|x86.ActiveCfg = Release|Win32
		{6617FED9-C5D4-4907-BF55-A90062A6683F}.Release|x86.Build.0 = Release|Win32
		{A9D6DC71-C0DC-4549-AEA0-3B15B44E86A9}.Debug|Mixed Platforms.ActiveCfg = Debug|Win32
		{A9D6DC71-C0DC-4549-AEA0-3B15B44E86A9}.Debug|Mixed Platforms.Build.0 = Debug|Win32
		{A9D6DC71-C0DC-4549-AEA0-3B15B44E86A9}.Debug|Win32.ActiveCfg = Debug|Win32
		{A9D6DC71-C0DC-4549-AEA0-3B15B44E86A9}.Debug|Win32.Build.0 = Debug|Win32
		{A9D6DC71-C0DC-4549-AEA0-3B15B44E86A9}.Debug|x64.ActiveCfg = Debug|x64
		{A9D6DC71-C0DC-4549-AEA0-3B15B44E86A9}.Debug|x64.Build.0 = Debug|x64
		{A9D6DC71-C0DC-4549-AEA0-3B15B44E86A9}.Debug|x86.ActiveCfg = Debug|Win32
		{A9D6DC71-C0DC-4549-AEA0-3B15B44E86A9}.Debug|x86.Build.0 = Debug|Win32
		{A9D6DC71-C0DC-4549-AEA0-3B15B44E86A9}.Release|Mixed Platforms.ActiveCfg = Release|Win32
		{A9D6DC71-C0DC-4549-AEA0-3B15B44E86A9}.Release|Mixed Platforms.Build.0 = Release|Win32
		{A9D6DC71-C0DC-4549-AEA0-3B15B44E86A9}.Release|Win32.ActiveCfg = Release|Win32
		{A9D6DC71-C0DC-4549-AEA0-3B15B44E86A9}.Release|Win32.Build.0 = Release|Win32
		{A9D6DC71-C0DC-4549-AEA0-3B15B44E86A9}.Release|x64.ActiveCfg = Release|x64
		{A9D6DC71-C0DC-4549-AEA0-3B15B44E86A9}.Release|x64.Build.0 = Release|x64
		{A9D6DC71-C0DC-4549-AEA0-3B15B44E86A9}.Release|x86.ActiveCfg = Release|Win32
		{A9D6DC71-C0DC-4549-AEA0-3B15B44E86A9}.Release|x86.Build.0 = Release|Win32
	EndGlobalSection
	GlobalSection(SolutionProperties) = preSolution
		HideSolutionNode = FALSE
	EndGlobalSection
EndGlobal
